
Microsoft Visual Studio Solution File, Format Version 12.00
# Visual Studio 15
Project("{FAE04EC0-301F-11D3-BF4B-00C04F79EFBC}") = "UnityEngine.UI", "UnityEngine.UI.csproj", "{7F4FEA86-23A0-4540-B57D-0E702C78A6C6}"
EndProject
Project("{FAE04EC0-301F-11D3-BF4B-00C04F79EFBC}") = "Assembly-CSharp", "Assembly-CSharp.csproj", "{5DA67C60-BD4D-F43D-8A68-F4074C181E1F}"
EndProject
Project("{FAE04EC0-301F-11D3-BF4B-00C04F79EFBC}") = "UnityEditor.UI", "UnityEditor.UI.csproj", "{5A2E64D4-5DF7-A4B6-D162-D76033FE62A8}"
EndProject
Global
	GlobalSection(SolutionConfigurationPlatforms) = preSolution
		Debug|Any CPU = Debug|Any CPU
		Release|Any CPU = Release|Any CPU
	EndGlobalSection
	GlobalSection(ProjectConfigurationPlatforms) = postSolution
		{7F4FEA86-23A0-4540-B57D-0E702C78A6C6}.Debug|Any CPU.ActiveCfg = Debug|Any CPU
		{7F4FEA86-23A0-4540-B57D-0E702C78A6C6}.Debug|Any CPU.Build.0 = Debug|Any CPU
		{7F4FEA86-23A0-4540-B57D-0E702C78A6C6}.Release|Any CPU.ActiveCfg = Release|Any CPU
		{7F4FEA86-23A0-4540-B57D-0E702C78A6C6}.Release|Any CPU.Build.0 = Release|Any CPU
		{5DA67C60-BD4D-F43D-8A68-F4074C181E1F}.Debug|Any CPU.ActiveCfg = Debug|Any CPU
		{5DA67C60-BD4D-F43D-8A68-F4074C181E1F}.Debug|Any CPU.Build.0 = Debug|Any CPU
		{5DA67C60-BD4D-F43D-8A68-F4074C181E1F}.Release|Any CPU.ActiveCfg = Release|Any CPU
		{5DA67C60-BD4D-F43D-8A68-F4074C181E1F}.Release|Any CPU.Build.0 = Release|Any CPU
		{5A2E64D4-5DF7-A4B6-D162-D76033FE62A8}.Debug|Any CPU.ActiveCfg = Debug|Any CPU
		{5A2E64D4-5DF7-A4B6-D162-D76033FE62A8}.Debug|Any CPU.Build.0 = Debug|Any CPU
		{5A2E64D4-5DF7-A4B6-D162-D76033FE62A8}.Release|Any CPU.ActiveCfg = Release|Any CPU
		{5A2E64D4-5DF7-A4B6-D162-D76033FE62A8}.Release|Any CPU.Build.0 = Release|Any CPU
	EndGlobalSection
	GlobalSection(SolutionProperties) = preSolution
		HideSolutionNode = FALSE
	EndGlobalSection
EndGlobal
